
Microsoft Visual Studio Solution File, Format Version 12.00
# Visual Studio Version 16
VisualStudioVersion = 16.0.30804.86
MinimumVisualStudioVersion = 10.0.40219.1
Project("{FAE04EC0-301F-11D3-BF4B-00C04F79EFBC}") = "OnlineFoodOrderingSystem", "OnlineFoodOrderingSystem.csproj", "{15F78E74-06FC-4C65-8689-1C49402C193D}"
EndProject
Global
	GlobalSection(SolutionConfigurationPlatforms) = preSolution
		Debug|Any CPU = Debug|Any CPU
		Release|Any CPU = Release|Any CPU
	EndGlobalSection
	GlobalSection(ProjectConfigurationPlatforms) = postSolution
		{15F78E74-06FC-4C65-8689-1C49402C193D}.Debug|Any CPU.ActiveCfg = Debug|Any CPU
		{15F78E74-06FC-4C65-8689-1C49402C193D}.Debug|Any CPU.Build.0 = Debug|Any CPU
		{15F78E74-06FC-4C65-8689-1C49402C193D}.Release|Any CPU.ActiveCfg = Release|Any CPU
		{15F78E74-06FC-4C65-8689-1C49402C193D}.Release|Any CPU.Build.0 = Release|Any CPU
	EndGlobalSection
	GlobalSection(SolutionProperties) = preSolution
		HideSolutionNode = FALSE
	EndGlobalSection
	GlobalSection(ExtensibilityGlobals) = postSolution
		SolutionGuid = {C46BBB6D-E60E-4964-88FC-B89ECB4AB51D}
	EndGlobalSection
EndGlobal
